
Microsoft Visual Studio Solution File, Format Version 12.00
# Visual Studio Version 17
VisualStudioVersion = 17.0.31903.59
MinimumVisualStudioVersion = 10.0.40219.1
Project("{2150E333-8FDC-42A3-9474-1A3956D46DE8}") = "src", "src", "{23E75572-BA81-4DF6-8F68-1102E5C390F9}"
EndProject
Project("{FAE04EC0-301F-11D3-BF4B-00C04F79EFBC}") = "Payroll.Application", "src\Payroll.Application\Payroll.Application.csproj", "{3A9036B6-49AC-417B-9986-A7D34E14A736}"
EndProject
Project("{FAE04EC0-301F-11D3-BF4B-00C04F79EFBC}") = "Payroll.Core", "src\Payroll.Core\Payroll.Core.csproj", "{BEB9BDE5-F42E-4957-8A01-06D6B8C998D7}"
EndProject
Global
	GlobalSection(SolutionConfigurationPlatforms) = preSolution
		Debug|Any CPU = Debug|Any CPU
		Release|Any CPU = Release|Any CPU
	EndGlobalSection
	GlobalSection(SolutionProperties) = preSolution
		HideSolutionNode = FALSE
	EndGlobalSection
	GlobalSection(ProjectConfigurationPlatforms) = postSolution
		{3A9036B6-49AC-417B-9986-A7D34E14A736}.Debug|Any CPU.ActiveCfg = Debug|Any CPU
		{3A9036B6-49AC-417B-9986-A7D34E14A736}.Debug|Any CPU.Build.0 = Debug|Any CPU
		{3A9036B6-49AC-417B-9986-A7D34E14A736}.Release|Any CPU.ActiveCfg = Release|Any CPU
		{3A9036B6-49AC-417B-9986-A7D34E14A736}.Release|Any CPU.Build.0 = Release|Any CPU
		{BEB9BDE5-F42E-4957-8A01-06D6B8C998D7}.Debug|Any CPU.ActiveCfg = Debug|Any CPU
		{BEB9BDE5-F42E-4957-8A01-06D6B8C998D7}.Debug|Any CPU.Build.0 = Debug|Any CPU
		{BEB9BDE5-F42E-4957-8A01-06D6B8C998D7}.Release|Any CPU.ActiveCfg = Release|Any CPU
		{BEB9BDE5-F42E-4957-8A01-06D6B8C998D7}.Release|Any CPU.Build.0 = Release|Any CPU
	EndGlobalSection
	GlobalSection(NestedProjects) = preSolution
		{3A9036B6-49AC-417B-9986-A7D34E14A736} = {23E75572-BA81-4DF6-8F68-1102E5C390F9}
		{BEB9BDE5-F42E-4957-8A01-06D6B8C998D7} = {23E75572-BA81-4DF6-8F68-1102E5C390F9}
	EndGlobalSection
EndGlobal
