
Microsoft Visual Studio Solution File, Format Version 12.00
# Visual Studio Version 17
VisualStudioVersion = 17.0.31903.59
MinimumVisualStudioVersion = 10.0.40219.1
Project("{2150E333-8FDC-42A3-9474-1A3956D46DE8}") = "Source", "Source", "{A557C898-69D9-4795-8FF1-83069CAD58E8}"
EndProject
Project("{FAE04EC0-301F-11D3-BF4B-00C04F79EFBC}") = "Payroll.Application", "Source\Payroll.Application\Payroll.Application.csproj", "{B33FF697-F9AB-4902-848B-F7244A985868}"
EndProject
Project("{FAE04EC0-301F-11D3-BF4B-00C04F79EFBC}") = "Payroll.Core", "Source\Payroll.Core\Payroll.Core.csproj", "{D7868928-BE27-43F7-B873-021F44B2D0CD}"
EndProject
Project("{2150E333-8FDC-42A3-9474-1A3956D46DE8}") = "Test", "Test", "{15A5076E-A7C4-4469-9445-8177DF4C1E63}"
EndProject
Project("{FAE04EC0-301F-11D3-BF4B-00C04F79EFBC}") = "Payroll.Test", "Test\Payroll.Test\Payroll.Test.csproj", "{9B002E21-809A-4AEF-A8A2-BAA826E5BB0C}"
EndProject
Project("{FAE04EC0-301F-11D3-BF4B-00C04F79EFBC}") = "TestUtilities", "Test\TestUtilities\TestUtilities.csproj", "{72651135-2A07-4230-97EE-9E8E8C1DB992}"
EndProject
Project("{FAE04EC0-301F-11D3-BF4B-00C04F79EFBC}") = "Payroll.Infrastructure", "Source\Payroll.Infrastructure\Payroll.Infrastructure.csproj", "{717FA5FF-5B12-44E1-87DB-E48918529A00}"
EndProject
Global
	GlobalSection(SolutionConfigurationPlatforms) = preSolution
		Debug|Any CPU = Debug|Any CPU
		Release|Any CPU = Release|Any CPU
	EndGlobalSection
	GlobalSection(SolutionProperties) = preSolution
		HideSolutionNode = FALSE
	EndGlobalSection
	GlobalSection(ProjectConfigurationPlatforms) = postSolution
		{B33FF697-F9AB-4902-848B-F7244A985868}.Debug|Any CPU.ActiveCfg = Debug|Any CPU
		{B33FF697-F9AB-4902-848B-F7244A985868}.Debug|Any CPU.Build.0 = Debug|Any CPU
		{B33FF697-F9AB-4902-848B-F7244A985868}.Release|Any CPU.ActiveCfg = Release|Any CPU
		{B33FF697-F9AB-4902-848B-F7244A985868}.Release|Any CPU.Build.0 = Release|Any CPU
		{D7868928-BE27-43F7-B873-021F44B2D0CD}.Debug|Any CPU.ActiveCfg = Debug|Any CPU
		{D7868928-BE27-43F7-B873-021F44B2D0CD}.Debug|Any CPU.Build.0 = Debug|Any CPU
		{D7868928-BE27-43F7-B873-021F44B2D0CD}.Release|Any CPU.ActiveCfg = Release|Any CPU
		{D7868928-BE27-43F7-B873-021F44B2D0CD}.Release|Any CPU.Build.0 = Release|Any CPU
		{9B002E21-809A-4AEF-A8A2-BAA826E5BB0C}.Debug|Any CPU.ActiveCfg = Debug|Any CPU
		{9B002E21-809A-4AEF-A8A2-BAA826E5BB0C}.Debug|Any CPU.Build.0 = Debug|Any CPU
		{9B002E21-809A-4AEF-A8A2-BAA826E5BB0C}.Release|Any CPU.ActiveCfg = Release|Any CPU
		{9B002E21-809A-4AEF-A8A2-BAA826E5BB0C}.Release|Any CPU.Build.0 = Release|Any CPU
		{72651135-2A07-4230-97EE-9E8E8C1DB992}.Debug|Any CPU.ActiveCfg = Debug|Any CPU
		{72651135-2A07-4230-97EE-9E8E8C1DB992}.Debug|Any CPU.Build.0 = Debug|Any CPU
		{72651135-2A07-4230-97EE-9E8E8C1DB992}.Release|Any CPU.ActiveCfg = Release|Any CPU
		{72651135-2A07-4230-97EE-9E8E8C1DB992}.Release|Any CPU.Build.0 = Release|Any CPU
		{717FA5FF-5B12-44E1-87DB-E48918529A00}.Debug|Any CPU.ActiveCfg = Debug|Any CPU
		{717FA5FF-5B12-44E1-87DB-E48918529A00}.Debug|Any CPU.Build.0 = Debug|Any CPU
		{717FA5FF-5B12-44E1-87DB-E48918529A00}.Release|Any CPU.ActiveCfg = Release|Any CPU
		{717FA5FF-5B12-44E1-87DB-E48918529A00}.Release|Any CPU.Build.0 = Release|Any CPU
	EndGlobalSection
	GlobalSection(NestedProjects) = preSolution
		{B33FF697-F9AB-4902-848B-F7244A985868} = {A557C898-69D9-4795-8FF1-83069CAD58E8}
		{D7868928-BE27-43F7-B873-021F44B2D0CD} = {A557C898-69D9-4795-8FF1-83069CAD58E8}
		{9B002E21-809A-4AEF-A8A2-BAA826E5BB0C} = {15A5076E-A7C4-4469-9445-8177DF4C1E63}
		{72651135-2A07-4230-97EE-9E8E8C1DB992} = {15A5076E-A7C4-4469-9445-8177DF4C1E63}
		{717FA5FF-5B12-44E1-87DB-E48918529A00} = {A557C898-69D9-4795-8FF1-83069CAD58E8}
	EndGlobalSection
EndGlobal
