
Microsoft Visual Studio Solution File, Format Version 12.00
# Visual Studio Version 17
VisualStudioVersion = 17.0.31903.59
MinimumVisualStudioVersion = 10.0.40219.1
Project("{2150E333-8FDC-42A3-9474-1A3956D46DE8}") = "Source", "Source", "{A557C898-69D9-4795-8FF1-83069CAD58E8}"
EndProject
Project("{FAE04EC0-301F-11D3-BF4B-00C04F79EFBC}") = "Payroll.Application.Transactions", "Source\Payroll.Application.Transactions\Payroll.Application.Transactions.csproj", "{B33FF697-F9AB-4902-848B-F7244A985868}"
EndProject
Project("{FAE04EC0-301F-11D3-BF4B-00C04F79EFBC}") = "Payroll.Core", "Source\Payroll.Core\Payroll.Core.csproj", "{D7868928-BE27-43F7-B873-021F44B2D0CD}"
EndProject
Project("{2150E333-8FDC-42A3-9474-1A3956D46DE8}") = "Test", "Test", "{15A5076E-A7C4-4469-9445-8177DF4C1E63}"
EndProject
Project("{FAE04EC0-301F-11D3-BF4B-00C04F79EFBC}") = "Payroll.Test", "Test\Payroll.Test\Payroll.Test.csproj", "{9B002E21-809A-4AEF-A8A2-BAA826E5BB0C}"
EndProject
Project("{FAE04EC0-301F-11D3-BF4B-00C04F79EFBC}") = "TestUtilities", "Test\TestUtilities\TestUtilities.csproj", "{72651135-2A07-4230-97EE-9E8E8C1DB992}"
EndProject
Project("{FAE04EC0-301F-11D3-BF4B-00C04F79EFBC}") = "Payroll.Infrastructure", "Source\Payroll.Infrastructure\Payroll.Infrastructure.csproj", "{717FA5FF-5B12-44E1-87DB-E48918529A00}"
EndProject
Project("{FAE04EC0-301F-11D3-BF4B-00C04F79EFBC}") = "Payroll.Classifications", "Source\Payroll.Classifications\Payroll.Classifications.csproj", "{5D0F6D45-EA80-4DFE-A592-50D01995D284}"
EndProject
Project("{FAE04EC0-301F-11D3-BF4B-00C04F79EFBC}") = "Payroll.Methods", "Source\Payroll.Methods\Payroll.Methods.csproj", "{57C6588C-98F7-418F-BE78-B41E62D66CA7}"
EndProject
Project("{FAE04EC0-301F-11D3-BF4B-00C04F79EFBC}") = "Payroll.Schedules", "Source\Payroll.Schedules\Payroll.Schedules.csproj", "{1221050A-7DE7-41D3-92B7-79FCF662ABCB}"
EndProject
Project("{FAE04EC0-301F-11D3-BF4B-00C04F79EFBC}") = "Payroll.Affiliations", "Source\Payroll.Affiliations\Payroll.Affiliations.csproj", "{32C2223A-FAB2-45B7-BC7F-0489E6FC1B31}"
EndProject
Project("{2150E333-8FDC-42A3-9474-1A3956D46DE8}") = "Shared", "Shared", "{D2F154B9-FC51-43B1-B665-C2B6F0C3732B}"
EndProject
Project("{FAE04EC0-301F-11D3-BF4B-00C04F79EFBC}") = "Payroll.Utils", "Shared\Payroll.Utils\Payroll.Utils.csproj", "{636A7AAA-531C-486B-95E8-AD99FF33DFEF}"
EndProject
Project("{FAE04EC0-301F-11D3-BF4B-00C04F79EFBC}") = "Payroll.Transactions", "Source\Payroll.Transactions\Payroll.Transactions.csproj", "{46A672AC-47F0-4C6B-BDD1-88D7D7B83A86}"
EndProject
Project("{FAE04EC0-301F-11D3-BF4B-00C04F79EFBC}") = "Payroll.Classification.Transactions", "Source\Payroll.Classification.Transactions\Payroll.Classification.Transactions.csproj", "{FA867D66-9FB6-493C-840C-91D7A0580280}"
EndProject
Project("{FAE04EC0-301F-11D3-BF4B-00C04F79EFBC}") = "Payroll.Affiliation.Transactions", "Source\Payroll.Affiliation.Transactions\Payroll.Affiliation.Transactions.csproj", "{E3EFEE1C-CD90-45C4-BFB7-78169D8E0066}"
EndProject
Project("{FAE04EC0-301F-11D3-BF4B-00C04F79EFBC}") = "Payroll.Method.Transactions", "Source\Payroll.Method.Transactions\Payroll.Method.Transactions.csproj", "{77AD19C3-D977-45D1-A1E7-935E1EA41EAA}"
EndProject
Global
	GlobalSection(SolutionConfigurationPlatforms) = preSolution
		Debug|Any CPU = Debug|Any CPU
		Release|Any CPU = Release|Any CPU
	EndGlobalSection
	GlobalSection(SolutionProperties) = preSolution
		HideSolutionNode = FALSE
	EndGlobalSection
	GlobalSection(ProjectConfigurationPlatforms) = postSolution
		{B33FF697-F9AB-4902-848B-F7244A985868}.Debug|Any CPU.ActiveCfg = Debug|Any CPU
		{B33FF697-F9AB-4902-848B-F7244A985868}.Debug|Any CPU.Build.0 = Debug|Any CPU
		{B33FF697-F9AB-4902-848B-F7244A985868}.Release|Any CPU.ActiveCfg = Release|Any CPU
		{B33FF697-F9AB-4902-848B-F7244A985868}.Release|Any CPU.Build.0 = Release|Any CPU
		{D7868928-BE27-43F7-B873-021F44B2D0CD}.Debug|Any CPU.ActiveCfg = Debug|Any CPU
		{D7868928-BE27-43F7-B873-021F44B2D0CD}.Debug|Any CPU.Build.0 = Debug|Any CPU
		{D7868928-BE27-43F7-B873-021F44B2D0CD}.Release|Any CPU.ActiveCfg = Release|Any CPU
		{D7868928-BE27-43F7-B873-021F44B2D0CD}.Release|Any CPU.Build.0 = Release|Any CPU
		{9B002E21-809A-4AEF-A8A2-BAA826E5BB0C}.Debug|Any CPU.ActiveCfg = Debug|Any CPU
		{9B002E21-809A-4AEF-A8A2-BAA826E5BB0C}.Debug|Any CPU.Build.0 = Debug|Any CPU
		{9B002E21-809A-4AEF-A8A2-BAA826E5BB0C}.Release|Any CPU.ActiveCfg = Release|Any CPU
		{9B002E21-809A-4AEF-A8A2-BAA826E5BB0C}.Release|Any CPU.Build.0 = Release|Any CPU
		{72651135-2A07-4230-97EE-9E8E8C1DB992}.Debug|Any CPU.ActiveCfg = Debug|Any CPU
		{72651135-2A07-4230-97EE-9E8E8C1DB992}.Debug|Any CPU.Build.0 = Debug|Any CPU
		{72651135-2A07-4230-97EE-9E8E8C1DB992}.Release|Any CPU.ActiveCfg = Release|Any CPU
		{72651135-2A07-4230-97EE-9E8E8C1DB992}.Release|Any CPU.Build.0 = Release|Any CPU
		{717FA5FF-5B12-44E1-87DB-E48918529A00}.Debug|Any CPU.ActiveCfg = Debug|Any CPU
		{717FA5FF-5B12-44E1-87DB-E48918529A00}.Debug|Any CPU.Build.0 = Debug|Any CPU
		{717FA5FF-5B12-44E1-87DB-E48918529A00}.Release|Any CPU.ActiveCfg = Release|Any CPU
		{717FA5FF-5B12-44E1-87DB-E48918529A00}.Release|Any CPU.Build.0 = Release|Any CPU
		{5D0F6D45-EA80-4DFE-A592-50D01995D284}.Debug|Any CPU.ActiveCfg = Debug|Any CPU
		{5D0F6D45-EA80-4DFE-A592-50D01995D284}.Debug|Any CPU.Build.0 = Debug|Any CPU
		{5D0F6D45-EA80-4DFE-A592-50D01995D284}.Release|Any CPU.ActiveCfg = Release|Any CPU
		{5D0F6D45-EA80-4DFE-A592-50D01995D284}.Release|Any CPU.Build.0 = Release|Any CPU
		{57C6588C-98F7-418F-BE78-B41E62D66CA7}.Debug|Any CPU.ActiveCfg = Debug|Any CPU
		{57C6588C-98F7-418F-BE78-B41E62D66CA7}.Debug|Any CPU.Build.0 = Debug|Any CPU
		{57C6588C-98F7-418F-BE78-B41E62D66CA7}.Release|Any CPU.ActiveCfg = Release|Any CPU
		{57C6588C-98F7-418F-BE78-B41E62D66CA7}.Release|Any CPU.Build.0 = Release|Any CPU
		{1221050A-7DE7-41D3-92B7-79FCF662ABCB}.Debug|Any CPU.ActiveCfg = Debug|Any CPU
		{1221050A-7DE7-41D3-92B7-79FCF662ABCB}.Debug|Any CPU.Build.0 = Debug|Any CPU
		{1221050A-7DE7-41D3-92B7-79FCF662ABCB}.Release|Any CPU.ActiveCfg = Release|Any CPU
		{1221050A-7DE7-41D3-92B7-79FCF662ABCB}.Release|Any CPU.Build.0 = Release|Any CPU
		{32C2223A-FAB2-45B7-BC7F-0489E6FC1B31}.Debug|Any CPU.ActiveCfg = Debug|Any CPU
		{32C2223A-FAB2-45B7-BC7F-0489E6FC1B31}.Debug|Any CPU.Build.0 = Debug|Any CPU
		{32C2223A-FAB2-45B7-BC7F-0489E6FC1B31}.Release|Any CPU.ActiveCfg = Release|Any CPU
		{32C2223A-FAB2-45B7-BC7F-0489E6FC1B31}.Release|Any CPU.Build.0 = Release|Any CPU
		{636A7AAA-531C-486B-95E8-AD99FF33DFEF}.Debug|Any CPU.ActiveCfg = Debug|Any CPU
		{636A7AAA-531C-486B-95E8-AD99FF33DFEF}.Debug|Any CPU.Build.0 = Debug|Any CPU
		{636A7AAA-531C-486B-95E8-AD99FF33DFEF}.Release|Any CPU.ActiveCfg = Release|Any CPU
		{636A7AAA-531C-486B-95E8-AD99FF33DFEF}.Release|Any CPU.Build.0 = Release|Any CPU
		{46A672AC-47F0-4C6B-BDD1-88D7D7B83A86}.Debug|Any CPU.ActiveCfg = Debug|Any CPU
		{46A672AC-47F0-4C6B-BDD1-88D7D7B83A86}.Debug|Any CPU.Build.0 = Debug|Any CPU
		{46A672AC-47F0-4C6B-BDD1-88D7D7B83A86}.Release|Any CPU.ActiveCfg = Release|Any CPU
		{46A672AC-47F0-4C6B-BDD1-88D7D7B83A86}.Release|Any CPU.Build.0 = Release|Any CPU
		{FA867D66-9FB6-493C-840C-91D7A0580280}.Debug|Any CPU.ActiveCfg = Debug|Any CPU
		{FA867D66-9FB6-493C-840C-91D7A0580280}.Debug|Any CPU.Build.0 = Debug|Any CPU
		{FA867D66-9FB6-493C-840C-91D7A0580280}.Release|Any CPU.ActiveCfg = Release|Any CPU
		{FA867D66-9FB6-493C-840C-91D7A0580280}.Release|Any CPU.Build.0 = Release|Any CPU
		{E3EFEE1C-CD90-45C4-BFB7-78169D8E0066}.Debug|Any CPU.ActiveCfg = Debug|Any CPU
		{E3EFEE1C-CD90-45C4-BFB7-78169D8E0066}.Debug|Any CPU.Build.0 = Debug|Any CPU
		{E3EFEE1C-CD90-45C4-BFB7-78169D8E0066}.Release|Any CPU.ActiveCfg = Release|Any CPU
		{E3EFEE1C-CD90-45C4-BFB7-78169D8E0066}.Release|Any CPU.Build.0 = Release|Any CPU
		{77AD19C3-D977-45D1-A1E7-935E1EA41EAA}.Debug|Any CPU.ActiveCfg = Debug|Any CPU
		{77AD19C3-D977-45D1-A1E7-935E1EA41EAA}.Debug|Any CPU.Build.0 = Debug|Any CPU
		{77AD19C3-D977-45D1-A1E7-935E1EA41EAA}.Release|Any CPU.ActiveCfg = Release|Any CPU
		{77AD19C3-D977-45D1-A1E7-935E1EA41EAA}.Release|Any CPU.Build.0 = Release|Any CPU
	EndGlobalSection
	GlobalSection(NestedProjects) = preSolution
		{B33FF697-F9AB-4902-848B-F7244A985868} = {A557C898-69D9-4795-8FF1-83069CAD58E8}
		{D7868928-BE27-43F7-B873-021F44B2D0CD} = {A557C898-69D9-4795-8FF1-83069CAD58E8}
		{9B002E21-809A-4AEF-A8A2-BAA826E5BB0C} = {15A5076E-A7C4-4469-9445-8177DF4C1E63}
		{72651135-2A07-4230-97EE-9E8E8C1DB992} = {15A5076E-A7C4-4469-9445-8177DF4C1E63}
		{717FA5FF-5B12-44E1-87DB-E48918529A00} = {A557C898-69D9-4795-8FF1-83069CAD58E8}
		{5D0F6D45-EA80-4DFE-A592-50D01995D284} = {A557C898-69D9-4795-8FF1-83069CAD58E8}
		{57C6588C-98F7-418F-BE78-B41E62D66CA7} = {A557C898-69D9-4795-8FF1-83069CAD58E8}
		{1221050A-7DE7-41D3-92B7-79FCF662ABCB} = {A557C898-69D9-4795-8FF1-83069CAD58E8}
		{32C2223A-FAB2-45B7-BC7F-0489E6FC1B31} = {A557C898-69D9-4795-8FF1-83069CAD58E8}
		{636A7AAA-531C-486B-95E8-AD99FF33DFEF} = {D2F154B9-FC51-43B1-B665-C2B6F0C3732B}
		{46A672AC-47F0-4C6B-BDD1-88D7D7B83A86} = {A557C898-69D9-4795-8FF1-83069CAD58E8}
		{FA867D66-9FB6-493C-840C-91D7A0580280} = {A557C898-69D9-4795-8FF1-83069CAD58E8}
		{E3EFEE1C-CD90-45C4-BFB7-78169D8E0066} = {A557C898-69D9-4795-8FF1-83069CAD58E8}
		{77AD19C3-D977-45D1-A1E7-935E1EA41EAA} = {A557C898-69D9-4795-8FF1-83069CAD58E8}
	EndGlobalSection
EndGlobal
